
Microsoft Visual Studio Solution File, Format Version 12.00
# Visual Studio 15
VisualStudioVersion = 15.0.28307.1209
MinimumVisualStudioVersion = 10.0.40219.1
Project("{FAE04EC0-301F-11D3-BF4B-00C04F79EFBC}") = "01 Hashtable", "01 Hashtable\01 Hashtable.csproj", "{2179C879-7EC3-4D4C-84DF-14C5E149EB9C}"
EndProject
Global
	GlobalSection(SolutionConfigurationPlatforms) = preSolution
		Debug|Any CPU = Debug|Any CPU
		Release|Any CPU = Release|Any CPU
	EndGlobalSection
	GlobalSection(ProjectConfigurationPlatforms) = postSolution
		{2179C879-7EC3-4D4C-84DF-14C5E149EB9C}.Debug|Any CPU.ActiveCfg = Debug|Any CPU
		{2179C879-7EC3-4D4C-84DF-14C5E149EB9C}.Debug|Any CPU.Build.0 = Debug|Any CPU
		{2179C879-7EC3-4D4C-84DF-14C5E149EB9C}.Release|Any CPU.ActiveCfg = Release|Any CPU
		{2179C879-7EC3-4D4C-84DF-14C5E149EB9C}.Release|Any CPU.Build.0 = Release|Any CPU
	EndGlobalSection
	GlobalSection(SolutionProperties) = preSolution
		HideSolutionNode = FALSE
	EndGlobalSection
	GlobalSection(ExtensibilityGlobals) = postSolution
		SolutionGuid = {55D85B25-C6DB-4E52-AC00-962A5661D64B}
	EndGlobalSection
EndGlobal
